
Microsoft Visual Studio Solution File, Format Version 12.00
# Visual Studio Version 16
VisualStudioVersion = 16.0.31321.278
MinimumVisualStudioVersion = 10.0.40219.1
Project("{9A19103F-16F7-4668-BE54-9A1E7A4F7556}") = "Employee.API", "Employee.API\Employee.API.csproj", "{66C8F003-1DE5-44B3-9F8F-059DF9A99C16}"
EndProject
Project("{9A19103F-16F7-4668-BE54-9A1E7A4F7556}") = "Employee.Application", "Employee.Application\Employee.Application.csproj", "{D8FE9B8B-E16C-4A41-9E3B-A29E5CC27ADF}"
EndProject
Project("{9A19103F-16F7-4668-BE54-9A1E7A4F7556}") = "Employee.Core", "Employee.Core\Employee.Core.csproj", "{B2F4B8C0-DEC1-45CE-979C-6BB1C175486D}"
EndProject
Project("{9A19103F-16F7-4668-BE54-9A1E7A4F7556}") = "Employee.Infrastructure", "Employee.Infrastructure\Employee.Infrastructure.csproj", "{09C2E18F-E700-4E50-BB9E-875E773BA84E}"
EndProject
Project("{2150E333-8FDC-42A3-9474-1A3956D46DE8}") = "src", "src", "{176714D1-E591-465F-BCB3-5F2F10BCFA75}"
EndProject
Project("{2150E333-8FDC-42A3-9474-1A3956D46DE8}") = "tests", "tests", "{A1AB4FDF-1370-4F22-A261-A3D0A6DBBCDA}"
EndProject
Project("{FAE04EC0-301F-11D3-BF4B-00C04F79EFBC}") = "Application.IntegrationTests", "Application.Infrastructure Tests\Application.IntegrationTests.csproj", "{CE85819D-438D-45FB-892C-8F5E5A33E3D8}"
EndProject
Project("{FAE04EC0-301F-11D3-BF4B-00C04F79EFBC}") = "Application.UnitTests", "Application.UnitTests\Application.UnitTests.csproj", "{C3FDDB99-28B2-41BD-8527-1BDAE6CF25B0}"
EndProject
Project("{FAE04EC0-301F-11D3-BF4B-00C04F79EFBC}") = "Core.UnitTests", "Core.UnitTests\Core.UnitTests.csproj", "{18958CED-AC45-4A4E-9EE4-31083D9A20AA}"
EndProject
Global
	GlobalSection(SolutionConfigurationPlatforms) = preSolution
		Debug|Any CPU = Debug|Any CPU
		Release|Any CPU = Release|Any CPU
	EndGlobalSection
	GlobalSection(ProjectConfigurationPlatforms) = postSolution
		{66C8F003-1DE5-44B3-9F8F-059DF9A99C16}.Debug|Any CPU.ActiveCfg = Debug|Any CPU
		{66C8F003-1DE5-44B3-9F8F-059DF9A99C16}.Debug|Any CPU.Build.0 = Debug|Any CPU
		{66C8F003-1DE5-44B3-9F8F-059DF9A99C16}.Release|Any CPU.ActiveCfg = Release|Any CPU
		{66C8F003-1DE5-44B3-9F8F-059DF9A99C16}.Release|Any CPU.Build.0 = Release|Any CPU
		{D8FE9B8B-E16C-4A41-9E3B-A29E5CC27ADF}.Debug|Any CPU.ActiveCfg = Debug|Any CPU
		{D8FE9B8B-E16C-4A41-9E3B-A29E5CC27ADF}.Debug|Any CPU.Build.0 = Debug|Any CPU
		{D8FE9B8B-E16C-4A41-9E3B-A29E5CC27ADF}.Release|Any CPU.ActiveCfg = Release|Any CPU
		{D8FE9B8B-E16C-4A41-9E3B-A29E5CC27ADF}.Release|Any CPU.Build.0 = Release|Any CPU
		{B2F4B8C0-DEC1-45CE-979C-6BB1C175486D}.Debug|Any CPU.ActiveCfg = Debug|Any CPU
		{B2F4B8C0-DEC1-45CE-979C-6BB1C175486D}.Debug|Any CPU.Build.0 = Debug|Any CPU
		{B2F4B8C0-DEC1-45CE-979C-6BB1C175486D}.Release|Any CPU.ActiveCfg = Release|Any CPU
		{B2F4B8C0-DEC1-45CE-979C-6BB1C175486D}.Release|Any CPU.Build.0 = Release|Any CPU
		{09C2E18F-E700-4E50-BB9E-875E773BA84E}.Debug|Any CPU.ActiveCfg = Debug|Any CPU
		{09C2E18F-E700-4E50-BB9E-875E773BA84E}.Debug|Any CPU.Build.0 = Debug|Any CPU
		{09C2E18F-E700-4E50-BB9E-875E773BA84E}.Release|Any CPU.ActiveCfg = Release|Any CPU
		{09C2E18F-E700-4E50-BB9E-875E773BA84E}.Release|Any CPU.Build.0 = Release|Any CPU
		{CE85819D-438D-45FB-892C-8F5E5A33E3D8}.Debug|Any CPU.ActiveCfg = Debug|Any CPU
		{CE85819D-438D-45FB-892C-8F5E5A33E3D8}.Debug|Any CPU.Build.0 = Debug|Any CPU
		{CE85819D-438D-45FB-892C-8F5E5A33E3D8}.Release|Any CPU.ActiveCfg = Release|Any CPU
		{CE85819D-438D-45FB-892C-8F5E5A33E3D8}.Release|Any CPU.Build.0 = Release|Any CPU
		{C3FDDB99-28B2-41BD-8527-1BDAE6CF25B0}.Debug|Any CPU.ActiveCfg = Debug|Any CPU
		{C3FDDB99-28B2-41BD-8527-1BDAE6CF25B0}.Debug|Any CPU.Build.0 = Debug|Any CPU
		{C3FDDB99-28B2-41BD-8527-1BDAE6CF25B0}.Release|Any CPU.ActiveCfg = Release|Any CPU
		{C3FDDB99-28B2-41BD-8527-1BDAE6CF25B0}.Release|Any CPU.Build.0 = Release|Any CPU
		{18958CED-AC45-4A4E-9EE4-31083D9A20AA}.Debug|Any CPU.ActiveCfg = Debug|Any CPU
		{18958CED-AC45-4A4E-9EE4-31083D9A20AA}.Debug|Any CPU.Build.0 = Debug|Any CPU
		{18958CED-AC45-4A4E-9EE4-31083D9A20AA}.Release|Any CPU.ActiveCfg = Release|Any CPU
		{18958CED-AC45-4A4E-9EE4-31083D9A20AA}.Release|Any CPU.Build.0 = Release|Any CPU
	EndGlobalSection
	GlobalSection(SolutionProperties) = preSolution
		HideSolutionNode = FALSE
	EndGlobalSection
	GlobalSection(NestedProjects) = preSolution
		{66C8F003-1DE5-44B3-9F8F-059DF9A99C16} = {176714D1-E591-465F-BCB3-5F2F10BCFA75}
		{D8FE9B8B-E16C-4A41-9E3B-A29E5CC27ADF} = {176714D1-E591-465F-BCB3-5F2F10BCFA75}
		{B2F4B8C0-DEC1-45CE-979C-6BB1C175486D} = {176714D1-E591-465F-BCB3-5F2F10BCFA75}
		{09C2E18F-E700-4E50-BB9E-875E773BA84E} = {176714D1-E591-465F-BCB3-5F2F10BCFA75}
		{CE85819D-438D-45FB-892C-8F5E5A33E3D8} = {A1AB4FDF-1370-4F22-A261-A3D0A6DBBCDA}
		{C3FDDB99-28B2-41BD-8527-1BDAE6CF25B0} = {A1AB4FDF-1370-4F22-A261-A3D0A6DBBCDA}
		{18958CED-AC45-4A4E-9EE4-31083D9A20AA} = {A1AB4FDF-1370-4F22-A261-A3D0A6DBBCDA}
	EndGlobalSection
	GlobalSection(ExtensibilityGlobals) = postSolution
		SolutionGuid = {7D66B1EC-D350-4087-BE08-D324A6EBAD51}
	EndGlobalSection
EndGlobal
